
Microsoft Visual Studio Solution File, Format Version 11.00
# Visual Studio 2010
Project("{FAE04EC0-301F-11D3-BF4B-00C04F79EFBC}") = "NParse", "source\NParse\NParse.csproj", "{C852C512-0257-4F0A-ADA9-629ED3F6C523}"
EndProject
Project("{FAE04EC0-301F-11D3-BF4B-00C04F79EFBC}") = "SimpleParser", "examples\SimpleParser\SimpleParser.csproj", "{9B96BE5B-4A30-404A-9A61-48BABA65A3B9}"
EndProject
Project("{2150E333-8FDC-42A3-9474-1A3956D46DE8}") = "Solution Items", "Solution Items", "{87542C16-585D-4A91-9086-1271208B8137}"
	ProjectSection(SolutionItems) = preProject
		LICENSE = LICENSE
		README = README
	EndProjectSection
EndProject
Global
	GlobalSection(SolutionConfigurationPlatforms) = preSolution
		Debug|Any CPU = Debug|Any CPU
		Debug|Mixed Platforms = Debug|Mixed Platforms
		Debug|x86 = Debug|x86
		Release|Any CPU = Release|Any CPU
		Release|Mixed Platforms = Release|Mixed Platforms
		Release|x86 = Release|x86
	EndGlobalSection
	GlobalSection(ProjectConfigurationPlatforms) = postSolution
		{C852C512-0257-4F0A-ADA9-629ED3F6C523}.Debug|Any CPU.ActiveCfg = Debug|Any CPU
		{C852C512-0257-4F0A-ADA9-629ED3F6C523}.Debug|Any CPU.Build.0 = Debug|Any CPU
		{C852C512-0257-4F0A-ADA9-629ED3F6C523}.Debug|Mixed Platforms.ActiveCfg = Debug|Any CPU
		{C852C512-0257-4F0A-ADA9-629ED3F6C523}.Debug|Mixed Platforms.Build.0 = Debug|Any CPU
		{C852C512-0257-4F0A-ADA9-629ED3F6C523}.Debug|x86.ActiveCfg = Debug|Any CPU
		{C852C512-0257-4F0A-ADA9-629ED3F6C523}.Release|Any CPU.ActiveCfg = Release|Any CPU
		{C852C512-0257-4F0A-ADA9-629ED3F6C523}.Release|Any CPU.Build.0 = Release|Any CPU
		{C852C512-0257-4F0A-ADA9-629ED3F6C523}.Release|Mixed Platforms.ActiveCfg = Release|Any CPU
		{C852C512-0257-4F0A-ADA9-629ED3F6C523}.Release|Mixed Platforms.Build.0 = Release|Any CPU
		{C852C512-0257-4F0A-ADA9-629ED3F6C523}.Release|x86.ActiveCfg = Release|Any CPU
		{9B96BE5B-4A30-404A-9A61-48BABA65A3B9}.Debug|Any CPU.ActiveCfg = Debug|x86
		{9B96BE5B-4A30-404A-9A61-48BABA65A3B9}.Debug|Mixed Platforms.ActiveCfg = Debug|x86
		{9B96BE5B-4A30-404A-9A61-48BABA65A3B9}.Debug|Mixed Platforms.Build.0 = Debug|x86
		{9B96BE5B-4A30-404A-9A61-48BABA65A3B9}.Debug|x86.ActiveCfg = Debug|x86
		{9B96BE5B-4A30-404A-9A61-48BABA65A3B9}.Debug|x86.Build.0 = Debug|x86
		{9B96BE5B-4A30-404A-9A61-48BABA65A3B9}.Release|Any CPU.ActiveCfg = Release|x86
		{9B96BE5B-4A30-404A-9A61-48BABA65A3B9}.Release|Mixed Platforms.ActiveCfg = Release|x86
		{9B96BE5B-4A30-404A-9A61-48BABA65A3B9}.Release|Mixed Platforms.Build.0 = Release|x86
		{9B96BE5B-4A30-404A-9A61-48BABA65A3B9}.Release|x86.ActiveCfg = Release|x86
		{9B96BE5B-4A30-404A-9A61-48BABA65A3B9}.Release|x86.Build.0 = Release|x86
	EndGlobalSection
	GlobalSection(SolutionProperties) = preSolution
		HideSolutionNode = FALSE
	EndGlobalSection
EndGlobal
